# generated by rye
# use `rye lock` or `rye sync` to update this lockfile
#
# last locked with the following flags:
#   pre: false
#   features: []
#   all-features: false
#   with-sources: false
#   generate-hashes: false
#   universal: false

-e file:.
certifi==2024.7.4
    # via requests
charset-normalizer==3.3.2
    # via requests
idna==3.8
    # via requests
iniconfig==2.0.0
    # via pytest
mypy==1.11.0
mypy-extensions==1.0.0
    # via mypy
packaging==24.1
    # via pytest
pluggy==1.5.0
    # via pytest
pytest==8.3.2
requests==2.32.3
    # via resonate-sdk
resonate-sdk==0.1.23
    # via batching
typing-extensions==4.12.2
    # via mypy
    # via resonate-sdk
urllib3==2.2.2
    # via requests
